// !$*UTF8*$!
{
	archiveVersion = 1;
	classes = {
	};
	objectVersion = 51;
	objects = {

/* Begin PBXBuildFile section */
		123FA27A25874A8B0089CB56 /* more@3x.png in Resources */ = {isa = PBXBuildFile; fileRef = 123FA27925874A8B0089CB56 /* more@3x.png */; };
		123FA28325876DD70089CB56 /* redpacket@3x.png in Resources */ = {isa = PBXBuildFile; fileRef = 123FA28225876DD70089CB56 /* redpacket@3x.png */; };
		125989152583CFEC00CCFB67 /* AppDelegate.m in Sources */ = {isa = PBXBuildFile; fileRef = 125989142583CFEC00CCFB67 /* AppDelegate.m */; };
		125989202583CFEE00CCFB67 /* Assets.xcassets in Resources */ = {isa = PBXBuildFile; fileRef = 1259891F2583CFEE00CCFB67 /* Assets.xcassets */; };
		125989232583CFEE00CCFB67 /* LaunchScreen.storyboard in Resources */ = {isa = PBXBuildFile; fileRef = 125989212583CFEE00CCFB67 /* LaunchScreen.storyboard */; };
		125989262583CFEE00CCFB67 /* main.m in Sources */ = {isa = PBXBuildFile; fileRef = 125989252583CFEE00CCFB67 /* main.m */; };
		1259894C2583DD7600CCFB67 /* WBOHomeViewController.m in Sources */ = {isa = PBXBuildFile; fileRef = 1259894B2583DD7600CCFB67 /* WBOHomeViewController.m */; };
		125989512583DDB000CCFB67 /* WBOUtils.m in Sources */ = {isa = PBXBuildFile; fileRef = 125989502583DDB000CCFB67 /* WBOUtils.m */; };
		12790FED25846B11004DE687 /* WBOAuthorizationViewController.m in Sources */ = {isa = PBXBuildFile; fileRef = 12790FEC25846B11004DE687 /* WBOAuthorizationViewController.m */; };
		127910242584B3A8004DE687 /* me@3x.png in Resources */ = {isa = PBXBuildFile; fileRef = 127910202584B3A8004DE687 /* me@3x.png */; };
		127910252584B3A8004DE687 /* public@3x.png in Resources */ = {isa = PBXBuildFile; fileRef = 127910212584B3A8004DE687 /* public@3x.png */; };
		1279102C2584B741004DE687 /* WBOMessageViewController.m in Sources */ = {isa = PBXBuildFile; fileRef = 1279102B2584B741004DE687 /* WBOMessageViewController.m */; };
		127910342584B777004DE687 /* WBOMeViewController.m in Sources */ = {isa = PBXBuildFile; fileRef = 127910332584B777004DE687 /* WBOMeViewController.m */; };
		127910532584FE89004DE687 /* WBOWeiboClient.m in Sources */ = {isa = PBXBuildFile; fileRef = 127910522584FE89004DE687 /* WBOWeiboClient.m */; };
		1283CF4C2587A81300910140 /* timeline_selected@3x.png in Resources */ = {isa = PBXBuildFile; fileRef = 1283CF4A2587A81300910140 /* timeline_selected@3x.png */; };
		1283CF4D2587A81300910140 /* timeline@3x.png in Resources */ = {isa = PBXBuildFile; fileRef = 1283CF4B2587A81300910140 /* timeline@3x.png */; };
		1283CF512587A8E500910140 /* video_selected@3x.png in Resources */ = {isa = PBXBuildFile; fileRef = 1283CF4F2587A8E500910140 /* video_selected@3x.png */; };
		1283CF522587A8E500910140 /* video@3x.png in Resources */ = {isa = PBXBuildFile; fileRef = 1283CF502587A8E500910140 /* video@3x.png */; };
		1283CF562587A98400910140 /* search@3x.png in Resources */ = {isa = PBXBuildFile; fileRef = 1283CF542587A98400910140 /* search@3x.png */; };
		1283CF572587A98400910140 /* search_selected@3x.png in Resources */ = {isa = PBXBuildFile; fileRef = 1283CF552587A98400910140 /* search_selected@3x.png */; };
		1283CF5D2587AA9800910140 /* photo@3x.png in Resources */ = {isa = PBXBuildFile; fileRef = 1283CF5A2587AA9800910140 /* photo@3x.png */; };
		1283CF5E2587AA9800910140 /* message_selected@3x.png in Resources */ = {isa = PBXBuildFile; fileRef = 1283CF5B2587AA9800910140 /* message_selected@3x.png */; };
		1283CF5F2587AA9800910140 /* message@3x.png in Resources */ = {isa = PBXBuildFile; fileRef = 1283CF5C2587AA9800910140 /* message@3x.png */; };
		1283CF622587AAD300910140 /* photo_selected@3x.png in Resources */ = {isa = PBXBuildFile; fileRef = 1283CF612587AAD300910140 /* photo_selected@3x.png */; };
		1283CF6E2587B23F00910140 /* WBOHomeTitleView.m in Sources */ = {isa = PBXBuildFile; fileRef = 1283CF6D2587B23F00910140 /* WBOHomeTitleView.m */; };
		1283CF732587B64400910140 /* WBOHomeTitleUIButton.m in Sources */ = {isa = PBXBuildFile; fileRef = 1283CF722587B64400910140 /* WBOHomeTitleUIButton.m */; };
		1283CF762587C50600910140 /* me_selected@3x.png in Resources */ = {isa = PBXBuildFile; fileRef = 1283CF752587C50600910140 /* me_selected@3x.png */; };
		129A585C2585CAD900F6D9A4 /* WBONetKit.m in Sources */ = {isa = PBXBuildFile; fileRef = 129A585B2585CAD900F6D9A4 /* WBONetKit.m */; };
		129A58612585E0E400F6D9A4 /* WBONetKitTimeline.m in Sources */ = {isa = PBXBuildFile; fileRef = 129A58602585E0E400F6D9A4 /* WBONetKitTimeline.m */; };
		129A586B2585F45A00F6D9A4 /* WBOModel.m in Sources */ = {isa = PBXBuildFile; fileRef = 129A586A2585F45A00F6D9A4 /* WBOModel.m */; };
		129A58722586029600F6D9A4 /* WBOTimeline.m in Sources */ = {isa = PBXBuildFile; fileRef = 129A58712586029600F6D9A4 /* WBOTimeline.m */; };
		496547398F86ACD56C7EC289 /* Pods_weibo_oc.framework in Frameworks */ = {isa = PBXBuildFile; fileRef = 235FA8A3D05C5F0605F545B3 /* Pods_weibo_oc.framework */; };
/* End PBXBuildFile section */

/* Begin PBXFileReference section */
		123FA27925874A8B0089CB56 /* more@3x.png */ = {isa = PBXFileReference; lastKnownFileType = image.png; path = "more@3x.png"; sourceTree = "<group>"; };
		123FA28225876DD70089CB56 /* redpacket@3x.png */ = {isa = PBXFileReference; lastKnownFileType = image.png; path = "redpacket@3x.png"; sourceTree = "<group>"; };
		125989102583CFEC00CCFB67 /* weibo-oc.app */ = {isa = PBXFileReference; explicitFileType = wrapper.application; includeInIndex = 0; path = "weibo-oc.app"; sourceTree = BUILT_PRODUCTS_DIR; };
		125989132583CFEC00CCFB67 /* AppDelegate.h */ = {isa = PBXFileReference; lastKnownFileType = sourcecode.c.h; path = AppDelegate.h; sourceTree = "<group>"; };
		125989142583CFEC00CCFB67 /* AppDelegate.m */ = {isa = PBXFileReference; lastKnownFileType = sourcecode.c.objc; path = AppDelegate.m; sourceTree = "<group>"; };
		1259891F2583CFEE00CCFB67 /* Assets.xcassets */ = {isa = PBXFileReference; lastKnownFileType = folder.assetcatalog; path = Assets.xcassets; sourceTree = "<group>"; };
		125989222583CFEE00CCFB67 /* Base */ = {isa = PBXFileReference; lastKnownFileType = file.storyboard; name = Base; path = Base.lproj/LaunchScreen.storyboard; sourceTree = "<group>"; };
		125989242583CFEE00CCFB67 /* Info.plist */ = {isa = PBXFileReference; lastKnownFileType = text.plist.xml; path = Info.plist; sourceTree = "<group>"; };
		125989252583CFEE00CCFB67 /* main.m */ = {isa = PBXFileReference; lastKnownFileType = sourcecode.c.objc; path = main.m; sourceTree = "<group>"; };
		125989492583DD4700CCFB67 /* PrefixHeader.pch */ = {isa = PBXFileReference; lastKnownFileType = sourcecode.c.h; path = PrefixHeader.pch; sourceTree = "<group>"; };
		1259894A2583DD7600CCFB67 /* WBOHomeViewController.h */ = {isa = PBXFileReference; lastKnownFileType = sourcecode.c.h; path = WBOHomeViewController.h; sourceTree = "<group>"; };
		1259894B2583DD7600CCFB67 /* WBOHomeViewController.m */ = {isa = PBXFileReference; lastKnownFileType = sourcecode.c.objc; path = WBOHomeViewController.m; sourceTree = "<group>"; };
		1259894F2583DDB000CCFB67 /* WBOUtils.h */ = {isa = PBXFileReference; lastKnownFileType = sourcecode.c.h; path = WBOUtils.h; sourceTree = "<group>"; };
		125989502583DDB000CCFB67 /* WBOUtils.m */ = {isa = PBXFileReference; lastKnownFileType = sourcecode.c.objc; path = WBOUtils.m; sourceTree = "<group>"; };
		12790FEB25846B11004DE687 /* WBOAuthorizationViewController.h */ = {isa = PBXFileReference; lastKnownFileType = sourcecode.c.h; path = WBOAuthorizationViewController.h; sourceTree = "<group>"; };
		12790FEC25846B11004DE687 /* WBOAuthorizationViewController.m */ = {isa = PBXFileReference; lastKnownFileType = sourcecode.c.objc; path = WBOAuthorizationViewController.m; sourceTree = "<group>"; };
		127910202584B3A8004DE687 /* me@3x.png */ = {isa = PBXFileReference; lastKnownFileType = image.png; path = "me@3x.png"; sourceTree = "<group>"; };
		127910212584B3A8004DE687 /* public@3x.png */ = {isa = PBXFileReference; lastKnownFileType = image.png; path = "public@3x.png"; sourceTree = "<group>"; };
		1279102A2584B741004DE687 /* WBOMessageViewController.h */ = {isa = PBXFileReference; lastKnownFileType = sourcecode.c.h; path = WBOMessageViewController.h; sourceTree = "<group>"; };
		1279102B2584B741004DE687 /* WBOMessageViewController.m */ = {isa = PBXFileReference; lastKnownFileType = sourcecode.c.objc; path = WBOMessageViewController.m; sourceTree = "<group>"; };
		127910322584B777004DE687 /* WBOMeViewController.h */ = {isa = PBXFileReference; lastKnownFileType = sourcecode.c.h; path = WBOMeViewController.h; sourceTree = "<group>"; };
		127910332584B777004DE687 /* WBOMeViewController.m */ = {isa = PBXFileReference; lastKnownFileType = sourcecode.c.objc; path = WBOMeViewController.m; sourceTree = "<group>"; };
		127910512584FE89004DE687 /* WBOWeiboClient.h */ = {isa = PBXFileReference; lastKnownFileType = sourcecode.c.h; path = WBOWeiboClient.h; sourceTree = "<group>"; };
		127910522584FE89004DE687 /* WBOWeiboClient.m */ = {isa = PBXFileReference; lastKnownFileType = sourcecode.c.objc; path = WBOWeiboClient.m; sourceTree = "<group>"; };
		1283CF4A2587A81300910140 /* timeline_selected@3x.png */ = {isa = PBXFileReference; lastKnownFileType = image.png; path = "timeline_selected@3x.png"; sourceTree = "<group>"; };
		1283CF4B2587A81300910140 /* timeline@3x.png */ = {isa = PBXFileReference; lastKnownFileType = image.png; path = "timeline@3x.png"; sourceTree = "<group>"; };
		1283CF4F2587A8E500910140 /* video_selected@3x.png */ = {isa = PBXFileReference; lastKnownFileType = image.png; path = "video_selected@3x.png"; sourceTree = "<group>"; };
		1283CF502587A8E500910140 /* video@3x.png */ = {isa = PBXFileReference; lastKnownFileType = image.png; path = "video@3x.png"; sourceTree = "<group>"; };
		1283CF542587A98400910140 /* search@3x.png */ = {isa = PBXFileReference; lastKnownFileType = image.png; path = "search@3x.png"; sourceTree = "<group>"; };
		1283CF552587A98400910140 /* search_selected@3x.png */ = {isa = PBXFileReference; lastKnownFileType = image.png; path = "search_selected@3x.png"; sourceTree = "<group>"; };
		1283CF5A2587AA9800910140 /* photo@3x.png */ = {isa = PBXFileReference; lastKnownFileType = image.png; path = "photo@3x.png"; sourceTree = "<group>"; };
		1283CF5B2587AA9800910140 /* message_selected@3x.png */ = {isa = PBXFileReference; lastKnownFileType = image.png; path = "message_selected@3x.png"; sourceTree = "<group>"; };
		1283CF5C2587AA9800910140 /* message@3x.png */ = {isa = PBXFileReference; lastKnownFileType = image.png; name = "message@3x.png"; path = "../../../../../../Downloads/message@3x.png"; sourceTree = "<group>"; };
		1283CF612587AAD300910140 /* photo_selected@3x.png */ = {isa = PBXFileReference; lastKnownFileType = image.png; path = "photo_selected@3x.png"; sourceTree = "<group>"; };
		1283CF6C2587B23F00910140 /* WBOHomeTitleView.h */ = {isa = PBXFileReference; lastKnownFileType = sourcecode.c.h; path = WBOHomeTitleView.h; sourceTree = "<group>"; };
		1283CF6D2587B23F00910140 /* WBOHomeTitleView.m */ = {isa = PBXFileReference; lastKnownFileType = sourcecode.c.objc; path = WBOHomeTitleView.m; sourceTree = "<group>"; };
		1283CF712587B64400910140 /* WBOHomeTitleUIButton.h */ = {isa = PBXFileReference; lastKnownFileType = sourcecode.c.h; path = WBOHomeTitleUIButton.h; sourceTree = "<group>"; };
		1283CF722587B64400910140 /* WBOHomeTitleUIButton.m */ = {isa = PBXFileReference; lastKnownFileType = sourcecode.c.objc; path = WBOHomeTitleUIButton.m; sourceTree = "<group>"; };
		1283CF752587C50600910140 /* me_selected@3x.png */ = {isa = PBXFileReference; lastKnownFileType = image.png; path = "me_selected@3x.png"; sourceTree = "<group>"; };
		129A585A2585CAD900F6D9A4 /* WBONetKit.h */ = {isa = PBXFileReference; lastKnownFileType = sourcecode.c.h; path = WBONetKit.h; sourceTree = "<group>"; };
		129A585B2585CAD900F6D9A4 /* WBONetKit.m */ = {isa = PBXFileReference; lastKnownFileType = sourcecode.c.objc; path = WBONetKit.m; sourceTree = "<group>"; };
		129A585F2585E0E400F6D9A4 /* WBONetKitTimeline.h */ = {isa = PBXFileReference; lastKnownFileType = sourcecode.c.h; path = WBONetKitTimeline.h; sourceTree = "<group>"; };
		129A58602585E0E400F6D9A4 /* WBONetKitTimeline.m */ = {isa = PBXFileReference; lastKnownFileType = sourcecode.c.objc; path = WBONetKitTimeline.m; sourceTree = "<group>"; };
		129A58632585E46700F6D9A4 /* WBONetKitConstants.h */ = {isa = PBXFileReference; lastKnownFileType = sourcecode.c.h; path = WBONetKitConstants.h; sourceTree = "<group>"; };
		129A58692585F45A00F6D9A4 /* WBOModel.h */ = {isa = PBXFileReference; lastKnownFileType = sourcecode.c.h; path = WBOModel.h; sourceTree = "<group>"; };
		129A586A2585F45A00F6D9A4 /* WBOModel.m */ = {isa = PBXFileReference; lastKnownFileType = sourcecode.c.objc; path = WBOModel.m; sourceTree = "<group>"; };
		129A58702586029600F6D9A4 /* WBOTimeline.h */ = {isa = PBXFileReference; lastKnownFileType = sourcecode.c.h; path = WBOTimeline.h; sourceTree = "<group>"; };
		129A58712586029600F6D9A4 /* WBOTimeline.m */ = {isa = PBXFileReference; lastKnownFileType = sourcecode.c.objc; path = WBOTimeline.m; sourceTree = "<group>"; };
		235FA8A3D05C5F0605F545B3 /* Pods_weibo_oc.framework */ = {isa = PBXFileReference; explicitFileType = wrapper.framework; includeInIndex = 0; path = Pods_weibo_oc.framework; sourceTree = BUILT_PRODUCTS_DIR; };
		930D27326B2A4DAE3201C040 /* Pods-weibo-oc.release.xcconfig */ = {isa = PBXFileReference; includeInIndex = 1; lastKnownFileType = text.xcconfig; name = "Pods-weibo-oc.release.xcconfig"; path = "Target Support Files/Pods-weibo-oc/Pods-weibo-oc.release.xcconfig"; sourceTree = "<group>"; };
		B0D1F3A94AE60F32B2AF1BEA /* Pods-weibo-oc.debug.xcconfig */ = {isa = PBXFileReference; includeInIndex = 1; lastKnownFileType = text.xcconfig; name = "Pods-weibo-oc.debug.xcconfig"; path = "Target Support Files/Pods-weibo-oc/Pods-weibo-oc.debug.xcconfig"; sourceTree = "<group>"; };
/* End PBXFileReference section */

/* Begin PBXFrameworksBuildPhase section */
		1259890D2583CFEC00CCFB67 /* Frameworks */ = {
			isa = PBXFrameworksBuildPhase;
			buildActionMask = 2147483647;
			files = (
				496547398F86ACD56C7EC289 /* Pods_weibo_oc.framework in Frameworks */,
			);
			runOnlyForDeploymentPostprocessing = 0;
		};
/* End PBXFrameworksBuildPhase section */

/* Begin PBXGroup section */
		125989072583CFEC00CCFB67 = {
			isa = PBXGroup;
			children = (
				125989122583CFEC00CCFB67 /* weibo-oc */,
				125989112583CFEC00CCFB67 /* Products */,
				ABAF15FDC1F5FC976435249C /* Pods */,
				F2C654DCABDAEC3DCC924014 /* Frameworks */,
			);
			sourceTree = "<group>";
		};
		125989112583CFEC00CCFB67 /* Products */ = {
			isa = PBXGroup;
			children = (
				125989102583CFEC00CCFB67 /* weibo-oc.app */,
			);
			name = Products;
			sourceTree = "<group>";
		};
		125989122583CFEC00CCFB67 /* weibo-oc */ = {
			isa = PBXGroup;
			children = (
				127910502584FE5B004DE687 /* WeiboAPI */,
				127910312584B767004DE687 /* Me */,
				127910292584B72A004DE687 /* Message */,
				12790FEF25846B3D004DE687 /* Images */,
				125989392583DC6500CCFB67 /* Configuration */,
				125989372583D55200CCFB67 /* Home */,
				125989362583D4F100CCFB67 /* Authorization */,
				125989342583D4C800CCFB67 /* SupportingFiles */,
				125989242583CFEE00CCFB67 /* Info.plist */,
			);
			path = "weibo-oc";
			sourceTree = "<group>";
		};
		125989342583D4C800CCFB67 /* SupportingFiles */ = {
			isa = PBXGroup;
			children = (
				125989132583CFEC00CCFB67 /* AppDelegate.h */,
				125989142583CFEC00CCFB67 /* AppDelegate.m */,
				1259891F2583CFEE00CCFB67 /* Assets.xcassets */,
				125989212583CFEE00CCFB67 /* LaunchScreen.storyboard */,
				125989252583CFEE00CCFB67 /* main.m */,
			);
			path = SupportingFiles;
			sourceTree = "<group>";
		};
		125989362583D4F100CCFB67 /* Authorization */ = {
			isa = PBXGroup;
			children = (
				12790FEB25846B11004DE687 /* WBOAuthorizationViewController.h */,
				12790FEC25846B11004DE687 /* WBOAuthorizationViewController.m */,
			);
			path = Authorization;
			sourceTree = "<group>";
		};
		125989372583D55200CCFB67 /* Home */ = {
			isa = PBXGroup;
			children = (
				1283CF6B2587B22200910140 /* Views */,
				129A58662585F11000F6D9A4 /* Controllers */,
				129A58652585F10800F6D9A4 /* Models */,
			);
			path = Home;
			sourceTree = "<group>";
		};
		125989392583DC6500CCFB67 /* Configuration */ = {
			isa = PBXGroup;
			children = (
				129A58592585CAA400F6D9A4 /* WBONetKit */,
				125989492583DD4700CCFB67 /* PrefixHeader.pch */,
				1259894F2583DDB000CCFB67 /* WBOUtils.h */,
				125989502583DDB000CCFB67 /* WBOUtils.m */,
			);
			path = Configuration;
			sourceTree = "<group>";
		};
		12790FEF25846B3D004DE687 /* Images */ = {
			isa = PBXGroup;
			children = (
				1283CF5B2587AA9800910140 /* message_selected@3x.png */,
				1283CF5C2587AA9800910140 /* message@3x.png */,
				1283CF612587AAD300910140 /* photo_selected@3x.png */,
				1283CF5A2587AA9800910140 /* photo@3x.png */,
				1283CF552587A98400910140 /* search_selected@3x.png */,
				1283CF542587A98400910140 /* search@3x.png */,
				1283CF4F2587A8E500910140 /* video_selected@3x.png */,
				1283CF502587A8E500910140 /* video@3x.png */,
				123FA27925874A8B0089CB56 /* more@3x.png */,
				1283CF4A2587A81300910140 /* timeline_selected@3x.png */,
				1283CF4B2587A81300910140 /* timeline@3x.png */,
				127910202584B3A8004DE687 /* me@3x.png */,
				1283CF752587C50600910140 /* me_selected@3x.png */,
				123FA28225876DD70089CB56 /* redpacket@3x.png */,
				127910212584B3A8004DE687 /* public@3x.png */,
			);
			path = Images;
			sourceTree = "<group>";
		};
		127910292584B72A004DE687 /* Message */ = {
			isa = PBXGroup;
			children = (
				1279102A2584B741004DE687 /* WBOMessageViewController.h */,
				1279102B2584B741004DE687 /* WBOMessageViewController.m */,
			);
			path = Message;
			sourceTree = "<group>";
		};
		127910312584B767004DE687 /* Me */ = {
			isa = PBXGroup;
			children = (
				129A58682585F41C00F6D9A4 /* Controllers */,
				129A58672585F41600F6D9A4 /* Models */,
			);
			path = Me;
			sourceTree = "<group>";
		};
		127910502584FE5B004DE687 /* WeiboAPI */ = {
			isa = PBXGroup;
			children = (
				127910512584FE89004DE687 /* WBOWeiboClient.h */,
				127910522584FE89004DE687 /* WBOWeiboClient.m */,
			);
			path = WeiboAPI;
			sourceTree = "<group>";
		};
		1283CF6B2587B22200910140 /* Views */ = {
			isa = PBXGroup;
			children = (
				1283CF6C2587B23F00910140 /* WBOHomeTitleView.h */,
				1283CF6D2587B23F00910140 /* WBOHomeTitleView.m */,
				1283CF712587B64400910140 /* WBOHomeTitleUIButton.h */,
				1283CF722587B64400910140 /* WBOHomeTitleUIButton.m */,
			);
			path = Views;
			sourceTree = "<group>";
		};
		129A58592585CAA400F6D9A4 /* WBONetKit */ = {
			isa = PBXGroup;
			children = (
				129A585A2585CAD900F6D9A4 /* WBONetKit.h */,
				129A585B2585CAD900F6D9A4 /* WBONetKit.m */,
				129A585F2585E0E400F6D9A4 /* WBONetKitTimeline.h */,
				129A58602585E0E400F6D9A4 /* WBONetKitTimeline.m */,
				129A58632585E46700F6D9A4 /* WBONetKitConstants.h */,
				129A58692585F45A00F6D9A4 /* WBOModel.h */,
				129A586A2585F45A00F6D9A4 /* WBOModel.m */,
			);
			path = WBONetKit;
			sourceTree = "<group>";
		};
		129A58652585F10800F6D9A4 /* Models */ = {
			isa = PBXGroup;
			children = (
				129A58702586029600F6D9A4 /* WBOTimeline.h */,
				129A58712586029600F6D9A4 /* WBOTimeline.m */,
			);
			path = Models;
			sourceTree = "<group>";
		};
		129A58662585F11000F6D9A4 /* Controllers */ = {
			isa = PBXGroup;
			children = (
				1259894A2583DD7600CCFB67 /* WBOHomeViewController.h */,
				1259894B2583DD7600CCFB67 /* WBOHomeViewController.m */,
			);
			path = Controllers;
			sourceTree = "<group>";
		};
		129A58672585F41600F6D9A4 /* Models */ = {
			isa = PBXGroup;
			children = (
			);
			path = Models;
			sourceTree = "<group>";
		};
		129A58682585F41C00F6D9A4 /* Controllers */ = {
			isa = PBXGroup;
			children = (
				127910322584B777004DE687 /* WBOMeViewController.h */,
				127910332584B777004DE687 /* WBOMeViewController.m */,
			);
			path = Controllers;
			sourceTree = "<group>";
		};
		ABAF15FDC1F5FC976435249C /* Pods */ = {
			isa = PBXGroup;
			children = (
				B0D1F3A94AE60F32B2AF1BEA /* Pods-weibo-oc.debug.xcconfig */,
				930D27326B2A4DAE3201C040 /* Pods-weibo-oc.release.xcconfig */,
			);
			path = Pods;
			sourceTree = "<group>";
		};
		F2C654DCABDAEC3DCC924014 /* Frameworks */ = {
			isa = PBXGroup;
			children = (
				235FA8A3D05C5F0605F545B3 /* Pods_weibo_oc.framework */,
			);
			name = Frameworks;
			sourceTree = "<group>";
		};
/* End PBXGroup section */

/* Begin PBXNativeTarget section */
		1259890F2583CFEC00CCFB67 /* weibo-oc */ = {
			isa = PBXNativeTarget;
			buildConfigurationList = 125989292583CFEE00CCFB67 /* Build configuration list for PBXNativeTarget "weibo-oc" */;
			buildPhases = (
				C244C5038C47D684EB4CF93D /* [CP] Check Pods Manifest.lock */,
				1259890C2583CFEC00CCFB67 /* Sources */,
				1259890D2583CFEC00CCFB67 /* Frameworks */,
				1259890E2583CFEC00CCFB67 /* Resources */,
				7EAC6A5B80438620AED68220 /* [CP] Embed Pods Frameworks */,
			);
			buildRules = (
			);
			dependencies = (
			);
			name = "weibo-oc";
			productName = "weibo-oc";
			productReference = 125989102583CFEC00CCFB67 /* weibo-oc.app */;
			productType = "com.apple.product-type.application";
		};
/* End PBXNativeTarget section */

/* Begin PBXProject section */
		125989082583CFEC00CCFB67 /* Project object */ = {
			isa = PBXProject;
			attributes = {
				CLASSPREFIX = WBO;
				LastUpgradeCheck = 1220;
				TargetAttributes = {
					1259890F2583CFEC00CCFB67 = {
						CreatedOnToolsVersion = 12.2;
					};
				};
			};
			buildConfigurationList = 1259890B2583CFEC00CCFB67 /* Build configuration list for PBXProject "weibo-oc" */;
			compatibilityVersion = "Xcode 9.3";
			developmentRegion = en;
			hasScannedForEncodings = 0;
			knownRegions = (
				en,
				Base,
			);
			mainGroup = 125989072583CFEC00CCFB67;
			productRefGroup = 125989112583CFEC00CCFB67 /* Products */;
			projectDirPath = "";
			projectRoot = "";
			targets = (
				1259890F2583CFEC00CCFB67 /* weibo-oc */,
			);
		};
/* End PBXProject section */

/* Begin PBXResourcesBuildPhase section */
		1259890E2583CFEC00CCFB67 /* Resources */ = {
			isa = PBXResourcesBuildPhase;
			buildActionMask = 2147483647;
			files = (
				1283CF5D2587AA9800910140 /* photo@3x.png in Resources */,
				1283CF5F2587AA9800910140 /* message@3x.png in Resources */,
				1283CF562587A98400910140 /* search@3x.png in Resources */,
				1283CF4D2587A81300910140 /* timeline@3x.png in Resources */,
				1283CF512587A8E500910140 /* video_selected@3x.png in Resources */,
				125989232583CFEE00CCFB67 /* LaunchScreen.storyboard in Resources */,
				123FA27A25874A8B0089CB56 /* more@3x.png in Resources */,
				1283CF522587A8E500910140 /* video@3x.png in Resources */,
				127910252584B3A8004DE687 /* public@3x.png in Resources */,
				1283CF572587A98400910140 /* search_selected@3x.png in Resources */,
				127910242584B3A8004DE687 /* me@3x.png in Resources */,
				125989202583CFEE00CCFB67 /* Assets.xcassets in Resources */,
				1283CF762587C50600910140 /* me_selected@3x.png in Resources */,
				123FA28325876DD70089CB56 /* redpacket@3x.png in Resources */,
				1283CF622587AAD300910140 /* photo_selected@3x.png in Resources */,
				1283CF4C2587A81300910140 /* timeline_selected@3x.png in Resources */,
				1283CF5E2587AA9800910140 /* message_selected@3x.png in Resources */,
			);
			runOnlyForDeploymentPostprocessing = 0;
		};
/* End PBXResourcesBuildPhase section */

/* Begin PBXShellScriptBuildPhase section */
		7EAC6A5B80438620AED68220 /* [CP] Embed Pods Frameworks */ = {
			isa = PBXShellScriptBuildPhase;
			buildActionMask = 2147483647;
			files = (
			);
			inputFileListPaths = (
				"${PODS_ROOT}/Target Support Files/Pods-weibo-oc/Pods-weibo-oc-frameworks-${CONFIGURATION}-input-files.xcfilelist",
			);
			name = "[CP] Embed Pods Frameworks";
			outputFileListPaths = (
				"${PODS_ROOT}/Target Support Files/Pods-weibo-oc/Pods-weibo-oc-frameworks-${CONFIGURATION}-output-files.xcfilelist",
			);
			runOnlyForDeploymentPostprocessing = 0;
			shellPath = /bin/sh;
			shellScript = "\"${PODS_ROOT}/Target Support Files/Pods-weibo-oc/Pods-weibo-oc-frameworks.sh\"\n";
			showEnvVarsInLog = 0;
		};
		C244C5038C47D684EB4CF93D /* [CP] Check Pods Manifest.lock */ = {
			isa = PBXShellScriptBuildPhase;
			buildActionMask = 2147483647;
			files = (
			);
			inputFileListPaths = (
			);
			inputPaths = (
				"${PODS_PODFILE_DIR_PATH}/Podfile.lock",
				"${PODS_ROOT}/Manifest.lock",
			);
			name = "[CP] Check Pods Manifest.lock";
			outputFileListPaths = (
			);
			outputPaths = (
				"$(DERIVED_FILE_DIR)/Pods-weibo-oc-checkManifestLockResult.txt",
			);
			runOnlyForDeploymentPostprocessing = 0;
			shellPath = /bin/sh;
			shellScript = "diff \"${PODS_PODFILE_DIR_PATH}/Podfile.lock\" \"${PODS_ROOT}/Manifest.lock\" > /dev/null\nif [ $? != 0 ] ; then\n    # print error to STDERR\n    echo \"error: The sandbox is not in sync with the Podfile.lock. Run 'pod install' or update your CocoaPods installation.\" >&2\n    exit 1\nfi\n# This output is used by Xcode 'outputs' to avoid re-running this script phase.\necho \"SUCCESS\" > \"${SCRIPT_OUTPUT_FILE_0}\"\n";
			showEnvVarsInLog = 0;
		};
/* End PBXShellScriptBuildPhase section */

/* Begin PBXSourcesBuildPhase section */
		1259890C2583CFEC00CCFB67 /* Sources */ = {
			isa = PBXSourcesBuildPhase;
			buildActionMask = 2147483647;
			files = (
				1283CF6E2587B23F00910140 /* WBOHomeTitleView.m in Sources */,
				127910532584FE89004DE687 /* WBOWeiboClient.m in Sources */,
				129A586B2585F45A00F6D9A4 /* WBOModel.m in Sources */,
				129A585C2585CAD900F6D9A4 /* WBONetKit.m in Sources */,
				125989152583CFEC00CCFB67 /* AppDelegate.m in Sources */,
				12790FED25846B11004DE687 /* WBOAuthorizationViewController.m in Sources */,
				125989262583CFEE00CCFB67 /* main.m in Sources */,
				1279102C2584B741004DE687 /* WBOMessageViewController.m in Sources */,
				125989512583DDB000CCFB67 /* WBOUtils.m in Sources */,
				1259894C2583DD7600CCFB67 /* WBOHomeViewController.m in Sources */,
				129A58612585E0E400F6D9A4 /* WBONetKitTimeline.m in Sources */,
				127910342584B777004DE687 /* WBOMeViewController.m in Sources */,
				1283CF732587B64400910140 /* WBOHomeTitleUIButton.m in Sources */,
				129A58722586029600F6D9A4 /* WBOTimeline.m in Sources */,
			);
			runOnlyForDeploymentPostprocessing = 0;
		};
/* End PBXSourcesBuildPhase section */

/* Begin PBXVariantGroup section */
		125989212583CFEE00CCFB67 /* LaunchScreen.storyboard */ = {
			isa = PBXVariantGroup;
			children = (
				125989222583CFEE00CCFB67 /* Base */,
			);
			name = LaunchScreen.storyboard;
			sourceTree = "<group>";
		};
/* End PBXVariantGroup section */

/* Begin XCBuildConfiguration section */
		125989272583CFEE00CCFB67 /* Debug */ = {
			isa = XCBuildConfiguration;
			buildSettings = {
				ALWAYS_SEARCH_USER_PATHS = NO;
				CLANG_ANALYZER_NONNULL = YES;
				CLANG_ANALYZER_NUMBER_OBJECT_CONVERSION = YES_AGGRESSIVE;
				CLANG_CXX_LANGUAGE_STANDARD = "gnu++14";
				CLANG_CXX_LIBRARY = "libc++";
				CLANG_ENABLE_MODULES = YES;
				CLANG_ENABLE_OBJC_ARC = YES;
				CLANG_ENABLE_OBJC_WEAK = YES;
				CLANG_WARN_BLOCK_CAPTURE_AUTORELEASING = YES;
				CLANG_WARN_BOOL_CONVERSION = YES;
				CLANG_WARN_COMMA = YES;
				CLANG_WARN_CONSTANT_CONVERSION = YES;
				CLANG_WARN_DEPRECATED_OBJC_IMPLEMENTATIONS = YES;
				CLANG_WARN_DIRECT_OBJC_ISA_USAGE = YES_ERROR;
				CLANG_WARN_DOCUMENTATION_COMMENTS = YES;
				CLANG_WARN_EMPTY_BODY = YES;
				CLANG_WARN_ENUM_CONVERSION = YES;
				CLANG_WARN_INFINITE_RECURSION = YES;
				CLANG_WARN_INT_CONVERSION = YES;
				CLANG_WARN_NON_LITERAL_NULL_CONVERSION = YES;
				CLANG_WARN_OBJC_IMPLICIT_RETAIN_SELF = YES;
				CLANG_WARN_OBJC_LITERAL_CONVERSION = YES;
				CLANG_WARN_OBJC_ROOT_CLASS = YES_ERROR;
				CLANG_WARN_QUOTED_INCLUDE_IN_FRAMEWORK_HEADER = YES;
				CLANG_WARN_RANGE_LOOP_ANALYSIS = YES;
				CLANG_WARN_STRICT_PROTOTYPES = YES;
				CLANG_WARN_SUSPICIOUS_MOVE = YES;
				CLANG_WARN_UNGUARDED_AVAILABILITY = YES_AGGRESSIVE;
				CLANG_WARN_UNREACHABLE_CODE = YES;
				CLANG_WARN__DUPLICATE_METHOD_MATCH = YES;
				COPY_PHASE_STRIP = NO;
				DEBUG_INFORMATION_FORMAT = dwarf;
				ENABLE_STRICT_OBJC_MSGSEND = YES;
				ENABLE_TESTABILITY = YES;
				GCC_C_LANGUAGE_STANDARD = gnu11;
				GCC_DYNAMIC_NO_PIC = NO;
				GCC_NO_COMMON_BLOCKS = YES;
				GCC_OPTIMIZATION_LEVEL = 0;
				GCC_PREPROCESSOR_DEFINITIONS = (
					"DEBUG=1",
					"$(inherited)",
				);
				GCC_WARN_64_TO_32_BIT_CONVERSION = YES;
				GCC_WARN_ABOUT_RETURN_TYPE = YES_ERROR;
				GCC_WARN_UNDECLARED_SELECTOR = YES;
				GCC_WARN_UNINITIALIZED_AUTOS = YES_AGGRESSIVE;
				GCC_WARN_UNUSED_FUNCTION = YES;
				GCC_WARN_UNUSED_VARIABLE = YES;
				IPHONEOS_DEPLOYMENT_TARGET = 14.2;
				MTL_ENABLE_DEBUG_INFO = INCLUDE_SOURCE;
				MTL_FAST_MATH = YES;
				ONLY_ACTIVE_ARCH = YES;
				SDKROOT = iphoneos;
			};
			name = Debug;
		};
		125989282583CFEE00CCFB67 /* Release */ = {
			isa = XCBuildConfiguration;
			buildSettings = {
				ALWAYS_SEARCH_USER_PATHS = NO;
				CLANG_ANALYZER_NONNULL = YES;
				CLANG_ANALYZER_NUMBER_OBJECT_CONVERSION = YES_AGGRESSIVE;
				CLANG_CXX_LANGUAGE_STANDARD = "gnu++14";
				CLANG_CXX_LIBRARY = "libc++";
				CLANG_ENABLE_MODULES = YES;
				CLANG_ENABLE_OBJC_ARC = YES;
				CLANG_ENABLE_OBJC_WEAK = YES;
				CLANG_WARN_BLOCK_CAPTURE_AUTORELEASING = YES;
				CLANG_WARN_BOOL_CONVERSION = YES;
				CLANG_WARN_COMMA = YES;
				CLANG_WARN_CONSTANT_CONVERSION = YES;
				CLANG_WARN_DEPRECATED_OBJC_IMPLEMENTATIONS = YES;
				CLANG_WARN_DIRECT_OBJC_ISA_USAGE = YES_ERROR;
				CLANG_WARN_DOCUMENTATION_COMMENTS = YES;
				CLANG_WARN_EMPTY_BODY = YES;
				CLANG_WARN_ENUM_CONVERSION = YES;
				CLANG_WARN_INFINITE_RECURSION = YES;
				CLANG_WARN_INT_CONVERSION = YES;
				CLANG_WARN_NON_LITERAL_NULL_CONVERSION = YES;
				CLANG_WARN_OBJC_IMPLICIT_RETAIN_SELF = YES;
				CLANG_WARN_OBJC_LITERAL_CONVERSION = YES;
				CLANG_WARN_OBJC_ROOT_CLASS = YES_ERROR;
				CLANG_WARN_QUOTED_INCLUDE_IN_FRAMEWORK_HEADER = YES;
				CLANG_WARN_RANGE_LOOP_ANALYSIS = YES;
				CLANG_WARN_STRICT_PROTOTYPES = YES;
				CLANG_WARN_SUSPICIOUS_MOVE = YES;
				CLANG_WARN_UNGUARDED_AVAILABILITY = YES_AGGRESSIVE;
				CLANG_WARN_UNREACHABLE_CODE = YES;
				CLANG_WARN__DUPLICATE_METHOD_MATCH = YES;
				COPY_PHASE_STRIP = NO;
				DEBUG_INFORMATION_FORMAT = "dwarf-with-dsym";
				ENABLE_NS_ASSERTIONS = NO;
				ENABLE_STRICT_OBJC_MSGSEND = YES;
				GCC_C_LANGUAGE_STANDARD = gnu11;
				GCC_NO_COMMON_BLOCKS = YES;
				GCC_WARN_64_TO_32_BIT_CONVERSION = YES;
				GCC_WARN_ABOUT_RETURN_TYPE = YES_ERROR;
				GCC_WARN_UNDECLARED_SELECTOR = YES;
				GCC_WARN_UNINITIALIZED_AUTOS = YES_AGGRESSIVE;
				GCC_WARN_UNUSED_FUNCTION = YES;
				GCC_WARN_UNUSED_VARIABLE = YES;
				IPHONEOS_DEPLOYMENT_TARGET = 14.2;
				MTL_ENABLE_DEBUG_INFO = NO;
				MTL_FAST_MATH = YES;
				SDKROOT = iphoneos;
				VALIDATE_PRODUCT = YES;
			};
			name = Release;
		};
		1259892A2583CFEE00CCFB67 /* Debug */ = {
			isa = XCBuildConfiguration;
			baseConfigurationReference = B0D1F3A94AE60F32B2AF1BEA /* Pods-weibo-oc.debug.xcconfig */;
			buildSettings = {
				ASSETCATALOG_COMPILER_APPICON_NAME = AppIcon;
				ASSETCATALOG_COMPILER_GLOBAL_ACCENT_COLOR_NAME = AccentColor;
				CODE_SIGN_STYLE = Automatic;
				DEVELOPMENT_TEAM = SR3ZJB23BD;
				GCC_PREFIX_HEADER = "weibo-oc/Configuration/PrefixHeader.pch";
				INFOPLIST_FILE = "weibo-oc/Info.plist";
				LD_RUNPATH_SEARCH_PATHS = (
					"$(inherited)",
					"@executable_path/Frameworks",
				);
				PRODUCT_BUNDLE_IDENTIFIER = "com.syalloc.weibo-oc";
				PRODUCT_NAME = "$(TARGET_NAME)";
				TARGETED_DEVICE_FAMILY = "1,2";
			};
			name = Debug;
		};
		1259892B2583CFEE00CCFB67 /* Release */ = {
			isa = XCBuildConfiguration;
			baseConfigurationReference = 930D27326B2A4DAE3201C040 /* Pods-weibo-oc.release.xcconfig */;
			buildSettings = {
				ASSETCATALOG_COMPILER_APPICON_NAME = AppIcon;
				ASSETCATALOG_COMPILER_GLOBAL_ACCENT_COLOR_NAME = AccentColor;
				CODE_SIGN_STYLE = Automatic;
				DEVELOPMENT_TEAM = SR3ZJB23BD;
				GCC_PREFIX_HEADER = "weibo-oc/Configuration/PrefixHeader.pch";
				INFOPLIST_FILE = "weibo-oc/Info.plist";
				LD_RUNPATH_SEARCH_PATHS = (
					"$(inherited)",
					"@executable_path/Frameworks",
				);
				PRODUCT_BUNDLE_IDENTIFIER = "com.syalloc.weibo-oc";
				PRODUCT_NAME = "$(TARGET_NAME)";
				TARGETED_DEVICE_FAMILY = "1,2";
			};
			name = Release;
		};
/* End XCBuildConfiguration section */

/* Begin XCConfigurationList section */
		1259890B2583CFEC00CCFB67 /* Build configuration list for PBXProject "weibo-oc" */ = {
			isa = XCConfigurationList;
			buildConfigurations = (
				125989272583CFEE00CCFB67 /* Debug */,
				125989282583CFEE00CCFB67 /* Release */,
			);
			defaultConfigurationIsVisible = 0;
			defaultConfigurationName = Release;
		};
		125989292583CFEE00CCFB67 /* Build configuration list for PBXNativeTarget "weibo-oc" */ = {
			isa = XCConfigurationList;
			buildConfigurations = (
				1259892A2583CFEE00CCFB67 /* Debug */,
				1259892B2583CFEE00CCFB67 /* Release */,
			);
			defaultConfigurationIsVisible = 0;
			defaultConfigurationName = Release;
		};
/* End XCConfigurationList section */
	};
	rootObject = 125989082583CFEC00CCFB67 /* Project object */;
}
